// !$*UTF8*$!
{
	archiveVersion = 1;
	classes = {
	};
	objectVersion = 50;
	objects = {

/* Begin PBXBuildFile section */
		D12FFAA9236B44490046F352 /* CoreDataController.swift in Sources */ = {isa = PBXBuildFile; fileRef = D12FFAA8236B44480046F352 /* CoreDataController.swift */; };
		D13F1DCE220B5F660093EB64 /* AppDelegate.swift in Sources */ = {isa = PBXBuildFile; fileRef = D13F1DCD220B5F660093EB64 /* AppDelegate.swift */; };
		D13F1DD0220B5F660093EB64 /* ViewController.swift in Sources */ = {isa = PBXBuildFile; fileRef = D13F1DCF220B5F660093EB64 /* ViewController.swift */; };
		D13F1DD3220B5F660093EB64 /* Main.storyboard in Resources */ = {isa = PBXBuildFile; fileRef = D13F1DD1220B5F660093EB64 /* Main.storyboard */; };
		D13F1DD6220B5F660093EB64 /* CoreDataTestAppNew.xcdatamodeld in Sources */ = {isa = PBXBuildFile; fileRef = D13F1DD4220B5F660093EB64 /* CoreDataTestAppNew.xcdatamodeld */; };
		D13F1DD8220B5F670093EB64 /* Assets.xcassets in Resources */ = {isa = PBXBuildFile; fileRef = D13F1DD7220B5F670093EB64 /* Assets.xcassets */; };
		D13F1DDB220B5F670093EB64 /* LaunchScreen.storyboard in Resources */ = {isa = PBXBuildFile; fileRef = D13F1DD9220B5F670093EB64 /* LaunchScreen.storyboard */; };
/* End PBXBuildFile section */

/* Begin PBXFileReference section */
		D12FFAA8236B44480046F352 /* CoreDataController.swift */ = {isa = PBXFileReference; lastKnownFileType = sourcecode.swift; path = CoreDataController.swift; sourceTree = "<group>"; };
		D13F1DCA220B5F660093EB64 /* CoreDataTestAppNew.app */ = {isa = PBXFileReference; explicitFileType = wrapper.application; includeInIndex = 0; path = CoreDataTestAppNew.app; sourceTree = BUILT_PRODUCTS_DIR; };
		D13F1DCD220B5F660093EB64 /* AppDelegate.swift */ = {isa = PBXFileReference; lastKnownFileType = sourcecode.swift; path = AppDelegate.swift; sourceTree = "<group>"; };
		D13F1DCF220B5F660093EB64 /* ViewController.swift */ = {isa = PBXFileReference; lastKnownFileType = sourcecode.swift; path = ViewController.swift; sourceTree = "<group>"; };
		D13F1DD2220B5F660093EB64 /* Base */ = {isa = PBXFileReference; lastKnownFileType = file.storyboard; name = Base; path = Base.lproj/Main.storyboard; sourceTree = "<group>"; };
		D13F1DD5220B5F660093EB64 /* CoreDataTestAppNew.xcdatamodel */ = {isa = PBXFileReference; lastKnownFileType = wrapper.xcdatamodel; path = CoreDataTestAppNew.xcdatamodel; sourceTree = "<group>"; };
		D13F1DD7220B5F670093EB64 /* Assets.xcassets */ = {isa = PBXFileReference; lastKnownFileType = folder.assetcatalog; path = Assets.xcassets; sourceTree = "<group>"; };
		D13F1DDA220B5F670093EB64 /* Base */ = {isa = PBXFileReference; lastKnownFileType = file.storyboard; name = Base; path = Base.lproj/LaunchScreen.storyboard; sourceTree = "<group>"; };
		D13F1DDC220B5F670093EB64 /* Info.plist */ = {isa = PBXFileReference; lastKnownFileType = text.plist.xml; path = Info.plist; sourceTree = "<group>"; };
/* End PBXFileReference section */

/* Begin PBXFrameworksBuildPhase section */
		D13F1DC7220B5F660093EB64 /* Frameworks */ = {
			isa = PBXFrameworksBuildPhase;
			buildActionMask = 2147483647;
			files = (
			);
			runOnlyForDeploymentPostprocessing = 0;
		};
/* End PBXFrameworksBuildPhase section */

/* Begin PBXGroup section */
		D13F1DC1220B5F660093EB64 = {
			isa = PBXGroup;
			children = (
				D13F1DCC220B5F660093EB64 /* CoreDataTestAppNew */,
				D13F1DCB220B5F660093EB64 /* Products */,
			);
			sourceTree = "<group>";
		};
		D13F1DCB220B5F660093EB64 /* Products */ = {
			isa = PBXGroup;
			children = (
				D13F1DCA220B5F660093EB64 /* CoreDataTestAppNew.app */,
			);
			name = Products;
			sourceTree = "<group>";
		};
		D13F1DCC220B5F660093EB64 /* CoreDataTestAppNew */ = {
			isa = PBXGroup;
			children = (
				D13F1DCD220B5F660093EB64 /* AppDelegate.swift */,
				D13F1DCF220B5F660093EB64 /* ViewController.swift */,
				D13F1DD1220B5F660093EB64 /* Main.storyboard */,
				D13F1DD7220B5F670093EB64 /* Assets.xcassets */,
				D13F1DD9220B5F670093EB64 /* LaunchScreen.storyboard */,
				D13F1DDC220B5F670093EB64 /* Info.plist */,
				D13F1DD4220B5F660093EB64 /* CoreDataTestAppNew.xcdatamodeld */,
				D12FFAA8236B44480046F352 /* CoreDataController.swift */,
			);
			path = CoreDataTestAppNew;
			sourceTree = "<group>";
		};
/* End PBXGroup section */

/* Begin PBXNativeTarget section */
		D13F1DC9220B5F660093EB64 /* CoreDataTestAppNew */ = {
			isa = PBXNativeTarget;
			buildConfigurationList = D13F1DDF220B5F670093EB64 /* Build configuration list for PBXNativeTarget "CoreDataTestAppNew" */;
			buildPhases = (
				D13F1DC6220B5F660093EB64 /* Sources */,
				D13F1DC7220B5F660093EB64 /* Frameworks */,
				D13F1DC8220B5F660093EB64 /* Resources */,
			);
			buildRules = (
			);
			dependencies = (
			);
			name = CoreDataTestAppNew;
			productName = CoreDataTestAppNew;
			productReference = D13F1DCA220B5F660093EB64 /* CoreDataTestAppNew.app */;
			productType = "com.apple.product-type.application";
		};
/* End PBXNativeTarget section */

/* Begin PBXProject section */
		D13F1DC2220B5F660093EB64 /* Project object */ = {
			isa = PBXProject;
			attributes = {
				LastSwiftUpdateCheck = 1010;
				LastUpgradeCheck = 1010;
				ORGANIZATIONNAME = ZOlbrys;
				TargetAttributes = {
					D13F1DC9220B5F660093EB64 = {
						CreatedOnToolsVersion = 10.1;
					};
				};
			};
			buildConfigurationList = D13F1DC5220B5F660093EB64 /* Build configuration list for PBXProject "CoreDataTestAppNew" */;
			compatibilityVersion = "Xcode 9.3";
			developmentRegion = en;
			hasScannedForEncodings = 0;
			knownRegions = (
				en,
				Base,
			);
			mainGroup = D13F1DC1220B5F660093EB64;
			productRefGroup = D13F1DCB220B5F660093EB64 /* Products */;
			projectDirPath = "";
			projectRoot = "";
			targets = (
				D13F1DC9220B5F660093EB64 /* CoreDataTestAppNew */,
			);
		};
/* End PBXProject section */

/* Begin PBXResourcesBuildPhase section */
		D13F1DC8220B5F660093EB64 /* Resources */ = {
			isa = PBXResourcesBuildPhase;
			buildActionMask = 2147483647;
			files = (
				D13F1DDB220B5F670093EB64 /* LaunchScreen.storyboard in Resources */,
				D13F1DD8220B5F670093EB64 /* Assets.xcassets in Resources */,
				D13F1DD3220B5F660093EB64 /* Main.storyboard in Resources */,
			);
			runOnlyForDeploymentPostprocessing = 0;
		};
/* End PBXResourcesBuildPhase section */

/* Begin PBXSourcesBuildPhase section */
		D13F1DC6220B5F660093EB64 /* Sources */ = {
			isa = PBXSourcesBuildPhase;
			buildActionMask = 2147483647;
			files = (
				D13F1DD6220B5F660093EB64 /* CoreDataTestAppNew.xcdatamodeld in Sources */,
				D13F1DD0220B5F660093EB64 /* ViewController.swift in Sources */,
				D13F1DCE220B5F660093EB64 /* AppDelegate.swift in Sources */,
				D12FFAA9236B44490046F352 /* CoreDataController.swift in Sources */,
			);
			runOnlyForDeploymentPostprocessing = 0;
		};
/* End PBXSourcesBuildPhase section */

/* Begin PBXVariantGroup section */
		D13F1DD1220B5F660093EB64 /* Main.storyboard */ = {
			isa = PBXVariantGroup;
			children = (
				D13F1DD2220B5F660093EB64 /* Base */,
			);
			name = Main.storyboard;
			sourceTree = "<group>";
		};
		D13F1DD9220B5F670093EB64 /* LaunchScreen.storyboard */ = {
			isa = PBXVariantGroup;
			children = (
				D13F1DDA220B5F670093EB64 /* Base */,
			);
			name = LaunchScreen.storyboard;
			sourceTree = "<group>";
		};
/* End PBXVariantGroup section */

/* Begin XCBuildConfiguration section */
		D13F1DDD220B5F670093EB64 /* Debug */ = {
			isa = XCBuildConfiguration;
			buildSettings = {
				ALWAYS_SEARCH_USER_PATHS = NO;
				CLANG_ANALYZER_NONNULL = YES;
				CLANG_ANALYZER_NUMBER_OBJECT_CONVERSION = YES_AGGRESSIVE;
				CLANG_CXX_LANGUAGE_STANDARD = "gnu++14";
				CLANG_CXX_LIBRARY = "libc++";
				CLANG_ENABLE_MODULES = YES;
				CLANG_ENABLE_OBJC_ARC = YES;
				CLANG_ENABLE_OBJC_WEAK = YES;
				CLANG_WARN_BLOCK_CAPTURE_AUTORELEASING = YES;
				CLANG_WARN_BOOL_CONVERSION = YES;
				CLANG_WARN_COMMA = YES;
				CLANG_WARN_CONSTANT_CONVERSION = YES;
				CLANG_WARN_DEPRECATED_OBJC_IMPLEMENTATIONS = YES;
				CLANG_WARN_DIRECT_OBJC_ISA_USAGE = YES_ERROR;
				CLANG_WARN_DOCUMENTATION_COMMENTS = YES;
				CLANG_WARN_EMPTY_BODY = YES;
				CLANG_WARN_ENUM_CONVERSION = YES;
				CLANG_WARN_INFINITE_RECURSION = YES;
				CLANG_WARN_INT_CONVERSION = YES;
				CLANG_WARN_NON_LITERAL_NULL_CONVERSION = YES;
				CLANG_WARN_OBJC_IMPLICIT_RETAIN_SELF = YES;
				CLANG_WARN_OBJC_LITERAL_CONVERSION = YES;
				CLANG_WARN_OBJC_ROOT_CLASS = YES_ERROR;
				CLANG_WARN_RANGE_LOOP_ANALYSIS = YES;
				CLANG_WARN_STRICT_PROTOTYPES = YES;
				CLANG_WARN_SUSPICIOUS_MOVE = YES;
				CLANG_WARN_UNGUARDED_AVAILABILITY = YES_AGGRESSIVE;
				CLANG_WARN_UNREACHABLE_CODE = YES;
				CLANG_WARN__DUPLICATE_METHOD_MATCH = YES;
				CODE_SIGN_IDENTITY = "iPhone Developer";
				COPY_PHASE_STRIP = NO;
				DEBUG_INFORMATION_FORMAT = dwarf;
				ENABLE_STRICT_OBJC_MSGSEND = YES;
				ENABLE_TESTABILITY = YES;
				GCC_C_LANGUAGE_STANDARD = gnu11;
				GCC_DYNAMIC_NO_PIC = NO;
				GCC_NO_COMMON_BLOCKS = YES;
				GCC_OPTIMIZATION_LEVEL = 0;
				GCC_PREPROCESSOR_DEFINITIONS = (
					"DEBUG=1",
					"$(inherited)",
				);
				GCC_WARN_64_TO_32_BIT_CONVERSION = YES;
				GCC_WARN_ABOUT_RETURN_TYPE = YES_ERROR;
				GCC_WARN_UNDECLARED_SELECTOR = YES;
				GCC_WARN_UNINITIALIZED_AUTOS = YES_AGGRESSIVE;
				GCC_WARN_UNUSED_FUNCTION = YES;
				GCC_WARN_UNUSED_VARIABLE = YES;
				IPHONEOS_DEPLOYMENT_TARGET = 13.0;
				MTL_ENABLE_DEBUG_INFO = INCLUDE_SOURCE;
				MTL_FAST_MATH = YES;
				ONLY_ACTIVE_ARCH = YES;
				SDKROOT = iphoneos;
				SWIFT_ACTIVE_COMPILATION_CONDITIONS = DEBUG;
				SWIFT_OPTIMIZATION_LEVEL = "-Onone";
			};
			name = Debug;
		};
		D13F1DDE220B5F670093EB64 /* Release */ = {
			isa = XCBuildConfiguration;
			buildSettings = {
				ALWAYS_SEARCH_USER_PATHS = NO;
				CLANG_ANALYZER_NONNULL = YES;
				CLANG_ANALYZER_NUMBER_OBJECT_CONVERSION = YES_AGGRESSIVE;
				CLANG_CXX_LANGUAGE_STANDARD = "gnu++14";
				CLANG_CXX_LIBRARY = "libc++";
				CLANG_ENABLE_MODULES = YES;
				CLANG_ENABLE_OBJC_ARC = YES;
				CLANG_ENABLE_OBJC_WEAK = YES;
				CLANG_WARN_BLOCK_CAPTURE_AUTORELEASING = YES;
				CLANG_WARN_BOOL_CONVERSION = YES;
				CLANG_WARN_COMMA = YES;
				CLANG_WARN_CONSTANT_CONVERSION = YES;
				CLANG_WARN_DEPRECATED_OBJC_IMPLEMENTATIONS = YES;
				CLANG_WARN_DIRECT_OBJC_ISA_USAGE = YES_ERROR;
				CLANG_WARN_DOCUMENTATION_COMMENTS = YES;
				CLANG_WARN_EMPTY_BODY = YES;
				CLANG_WARN_ENUM_CONVERSION = YES;
				CLANG_WARN_INFINITE_RECURSION = YES;
				CLANG_WARN_INT_CONVERSION = YES;
				CLANG_WARN_NON_LITERAL_NULL_CONVERSION = YES;
				CLANG_WARN_OBJC_IMPLICIT_RETAIN_SELF = YES;
				CLANG_WARN_OBJC_LITERAL_CONVERSION = YES;
				CLANG_WARN_OBJC_ROOT_CLASS = YES_ERROR;
				CLANG_WARN_RANGE_LOOP_ANALYSIS = YES;
				CLANG_WARN_STRICT_PROTOTYPES = YES;
				CLANG_WARN_SUSPICIOUS_MOVE = YES;
				CLANG_WARN_UNGUARDED_AVAILABILITY = YES_AGGRESSIVE;
				CLANG_WARN_UNREACHABLE_CODE = YES;
				CLANG_WARN__DUPLICATE_METHOD_MATCH = YES;
				CODE_SIGN_IDENTITY = "iPhone Developer";
				COPY_PHASE_STRIP = NO;
				DEBUG_INFORMATION_FORMAT = "dwarf-with-dsym";
				ENABLE_NS_ASSERTIONS = NO;
				ENABLE_STRICT_OBJC_MSGSEND = YES;
				GCC_C_LANGUAGE_STANDARD = gnu11;
				GCC_NO_COMMON_BLOCKS = YES;
				GCC_WARN_64_TO_32_BIT_CONVERSION = YES;
				GCC_WARN_ABOUT_RETURN_TYPE = YES_ERROR;
				GCC_WARN_UNDECLARED_SELECTOR = YES;
				GCC_WARN_UNINITIALIZED_AUTOS = YES_AGGRESSIVE;
				GCC_WARN_UNUSED_FUNCTION = YES;
				GCC_WARN_UNUSED_VARIABLE = YES;
				IPHONEOS_DEPLOYMENT_TARGET = 13.0;
				MTL_ENABLE_DEBUG_INFO = NO;
				MTL_FAST_MATH = YES;
				SDKROOT = iphoneos;
				SWIFT_COMPILATION_MODE = wholemodule;
				SWIFT_OPTIMIZATION_LEVEL = "-O";
				VALIDATE_PRODUCT = YES;
			};
			name = Release;
		};
		D13F1DE0220B5F670093EB64 /* Debug */ = {
			isa = XCBuildConfiguration;
			buildSettings = {
				ASSETCATALOG_COMPILER_APPICON_NAME = AppIcon;
				CODE_SIGN_STYLE = Automatic;
				DEVELOPMENT_TEAM = DFDVDGNJFX;
				INFOPLIST_FILE = CoreDataTestAppNew/Info.plist;
				IPHONEOS_DEPLOYMENT_TARGET = 14.0;
				LD_RUNPATH_SEARCH_PATHS = (
					"$(inherited)",
					"@executable_path/Frameworks",
				);
				PRODUCT_BUNDLE_IDENTIFIER = com.zolbrys.CoreDataTestAppNew;
				PRODUCT_NAME = "$(TARGET_NAME)";
				SWIFT_VERSION = 4.2;
				TARGETED_DEVICE_FAMILY = "1,2";
			};
			name = Debug;
		};
		D13F1DE1220B5F670093EB64 /* Release */ = {
			isa = XCBuildConfiguration;
			buildSettings = {
				ASSETCATALOG_COMPILER_APPICON_NAME = AppIcon;
				CODE_SIGN_STYLE = Automatic;
				DEVELOPMENT_TEAM = DFDVDGNJFX;
				INFOPLIST_FILE = CoreDataTestAppNew/Info.plist;
				IPHONEOS_DEPLOYMENT_TARGET = 14.0;
				LD_RUNPATH_SEARCH_PATHS = (
					"$(inherited)",
					"@executable_path/Frameworks",
				);
				PRODUCT_BUNDLE_IDENTIFIER = com.zolbrys.CoreDataTestAppNew;
				PRODUCT_NAME = "$(TARGET_NAME)";
				SWIFT_VERSION = 4.2;
				TARGETED_DEVICE_FAMILY = "1,2";
			};
			name = Release;
		};
/* End XCBuildConfiguration section */

/* Begin XCConfigurationList section */
		D13F1DC5220B5F660093EB64 /* Build configuration list for PBXProject "CoreDataTestAppNew" */ = {
			isa = XCConfigurationList;
			buildConfigurations = (
				D13F1DDD220B5F670093EB64 /* Debug */,
				D13F1DDE220B5F670093EB64 /* Release */,
			);
			defaultConfigurationIsVisible = 0;
			defaultConfigurationName = Release;
		};
		D13F1DDF220B5F670093EB64 /* Build configuration list for PBXNativeTarget "CoreDataTestAppNew" */ = {
			isa = XCConfigurationList;
			buildConfigurations = (
				D13F1DE0220B5F670093EB64 /* Debug */,
				D13F1DE1220B5F670093EB64 /* Release */,
			);
			defaultConfigurationIsVisible = 0;
			defaultConfigurationName = Release;
		};
/* End XCConfigurationList section */

/* Begin XCVersionGroup section */
		D13F1DD4220B5F660093EB64 /* CoreDataTestAppNew.xcdatamodeld */ = {
			isa = XCVersionGroup;
			children = (
				D13F1DD5220B5F660093EB64 /* CoreDataTestAppNew.xcdatamodel */,
			);
			currentVersion = D13F1DD5220B5F660093EB64 /* CoreDataTestAppNew.xcdatamodel */;
			path = CoreDataTestAppNew.xcdatamodeld;
			sourceTree = "<group>";
			versionGroupType = wrapper.xcdatamodel;
		};
/* End XCVersionGroup section */
	};
	rootObject = D13F1DC2220B5F660093EB64 /* Project object */;
}
